# THIS IS AN AUTOGENERATED FILE. DO NOT EDIT THIS FILE DIRECTLY.
# yarn lockfile v1


turbo-darwin-64@1.9.0:
  version "1.9.0"
  resolved "https://registry.yarnpkg.com/turbo-darwin-64/-/turbo-darwin-64-1.9.0.tgz#f8fc54f445f079c85a0ac7e8ab65be8070a0507a"
  integrity sha512-snJkC0RRFEQ7STIYbJVDrQzkRaU3b1cgM5PIrWx6elf79HA4Lm50sXbjpWJPsdwxfnvIKcpsAtBsDeR47iqnMQ==

turbo-darwin-arm64@1.9.0:
  version "1.9.0"
  resolved "https://registry.yarnpkg.com/turbo-darwin-arm64/-/turbo-darwin-arm64-1.9.0.tgz#b99e4f0bb92c668347dcec2801b5e2e047f6386d"
  integrity sha512-+4MDDtRdKe8VMG9YU7J3c6kokpKVV4ELw6iThtO7jwz5DiGy5eTKGNtr5kHkPk3SffUQ0DZTQ/YSJsBC+6LLlA==

turbo-linux-64@1.9.0:
  version "1.9.0"
  resolved "https://registry.yarnpkg.com/turbo-linux-64/-/turbo-linux-64-1.9.0.tgz#786817815c7086a6c23c2762235196761d7f3669"
  integrity sha512-pEyj6VFo1RYwMqA6BLPHYViRIbE/R1KMAoQFW/qr9vTIT6kuMw1OiL0f/ZJ3AgY5V2mwGQT9Qg2HAH1CIEnH4Q==

turbo-linux-arm64@1.9.0:
  version "1.9.0"
  resolved "https://registry.yarnpkg.com/turbo-linux-arm64/-/turbo-linux-arm64-1.9.0.tgz#73f55bbbe185ae54a87d42d97ec10513f24dd088"
  integrity sha512-bwwa3X1ZzFkGsHsXDwAdW+akcKnGVNMmEtFULvh/2UALdslobttO7CiNBot7F+Sf5CfFZivYu5MEuYA/+Kvt7Q==

turbo-windows-64@1.9.0:
  version "1.9.0"
  resolved "https://registry.yarnpkg.com/turbo-windows-64/-/turbo-windows-64-1.9.0.tgz#740cc7644b2818dcb14a0eccb0b172373664b28d"
  integrity sha512-GMvbmXNHJVuLwbgqxQjXTFE4GHjzj3hVE+xZEKlEQWJ0cD+OGrVMqYMGxjVO5Ffbd3aHI9OECAmQw18qHWi1AA==

turbo-windows-arm64@1.9.0:
  version "1.9.0"
  resolved "https://registry.yarnpkg.com/turbo-windows-arm64/-/turbo-windows-arm64-1.9.0.tgz#9d3e26e54fd211897f25717a974b0d9ffcb5dc62"
  integrity sha512-oeePkdHoXit+rBzAT4iqn9hTUWXguKvqsZpJbFKr7JKLKtfeGwsXtyhCtkWIpBBQMT+hkGTBURMr9mHuS3sUPA==

turbo@^1.9.0:
  version "1.9.0"
  resolved "https://registry.yarnpkg.com/turbo/-/turbo-1.9.0.tgz#23ee50b5c23a8dc90536c67b6b15f6662c19cf70"
  integrity sha512-W99+hwuisT/d9wcr5/KnAJYCQwm3xApbxLTLBRMOEti3iaweRSQIKFCVhdGccaDuu6b0zvE/4bTB6C3qJc8bgw==
  optionalDependencies:
    turbo-darwin-64 "1.9.0"
    turbo-darwin-arm64 "1.9.0"
    turbo-linux-64 "1.9.0"
    turbo-linux-arm64 "1.9.0"
    turbo-windows-64 "1.9.0"
    turbo-windows-arm64 "1.9.0"
